// !$*UTF8*$!
{
	archiveVersion = 1;
	classes = {
	};
	objectVersion = 56;
	objects = {

/* Begin PBXBuildFile section */
		3C880141E8F15492C2705F6C /* Pods_Pokemons.framework in Frameworks */ = {isa = PBXBuildFile; fileRef = 40B7375CEFD1968D55B4943D /* Pods_Pokemons.framework */; };
		7965D6542A263443006D76E4 /* AppDelegate.swift in Sources */ = {isa = PBXBuildFile; fileRef = 7965D6532A263443006D76E4 /* AppDelegate.swift */; };
		7965D65D2A263444006D76E4 /* Assets.xcassets in Resources */ = {isa = PBXBuildFile; fileRef = 7965D65C2A263444006D76E4 /* Assets.xcassets */; };
		7965D6602A263444006D76E4 /* LaunchScreen.storyboard in Resources */ = {isa = PBXBuildFile; fileRef = 7965D65E2A263444006D76E4 /* LaunchScreen.storyboard */; };
		7965D66B2A263444006D76E4 /* PokemonsTests.swift in Sources */ = {isa = PBXBuildFile; fileRef = 7965D66A2A263444006D76E4 /* PokemonsTests.swift */; };
		7965D6752A263444006D76E4 /* PokemonsUITests.swift in Sources */ = {isa = PBXBuildFile; fileRef = 7965D6742A263444006D76E4 /* PokemonsUITests.swift */; };
		7965D6772A263444006D76E4 /* PokemonsUITestsLaunchTests.swift in Sources */ = {isa = PBXBuildFile; fileRef = 7965D6762A263444006D76E4 /* PokemonsUITestsLaunchTests.swift */; };
		796DB9F62A28882C00C2444C /* PokemonImageVC.xib in Resources */ = {isa = PBXBuildFile; fileRef = 796DB9F52A28882C00C2444C /* PokemonImageVC.xib */; };
		796DB9FB2A28A71D00C2444C /* PokemonCardViewModel.swift in Sources */ = {isa = PBXBuildFile; fileRef = 796DB9FA2A28A71D00C2444C /* PokemonCardViewModel.swift */; };
		796DD2152A297FFB00ABE4C1 /* Pokemon.swift in Sources */ = {isa = PBXBuildFile; fileRef = 796DD2142A297FFB00ABE4C1 /* Pokemon.swift */; };
		796DD2172A29802B00ABE4C1 /* BaseResponse.swift in Sources */ = {isa = PBXBuildFile; fileRef = 796DD2162A29802B00ABE4C1 /* BaseResponse.swift */; };
		796DD2192A29812700ABE4C1 /* MainCoordinator.swift in Sources */ = {isa = PBXBuildFile; fileRef = 796DD2182A29812700ABE4C1 /* MainCoordinator.swift */; };
		798A3E062A283FAE00763B3C /* HomeVC.xib in Resources */ = {isa = PBXBuildFile; fileRef = 798A3E052A283FAE00763B3C /* HomeVC.xib */; };
		798A3E0A2A28401000763B3C /* PokemonDetailVC.swift in Sources */ = {isa = PBXBuildFile; fileRef = 798A3E082A28401000763B3C /* PokemonDetailVC.swift */; };
		798A3E0B2A28401000763B3C /* PokemonDetailVC.xib in Resources */ = {isa = PBXBuildFile; fileRef = 798A3E092A28401000763B3C /* PokemonDetailVC.xib */; };
		798A3E0D2A28427800763B3C /* PokemonDetailViewModel.swift in Sources */ = {isa = PBXBuildFile; fileRef = 798A3E0C2A28427800763B3C /* PokemonDetailViewModel.swift */; };
		799778E02A287AAB008E3670 /* PokemonImageVC.swift in Sources */ = {isa = PBXBuildFile; fileRef = 799778DE2A287AAB008E3670 /* PokemonImageVC.swift */; };
		799778E32A288094008E3670 /* PokemonImageViewModel.swift in Sources */ = {isa = PBXBuildFile; fileRef = 799778E22A288094008E3670 /* PokemonImageViewModel.swift */; };
		79DAAE802A26352500FCF8BE /* HomeVC.swift in Sources */ = {isa = PBXBuildFile; fileRef = 79DAAE7F2A26352500FCF8BE /* HomeVC.swift */; };
		79DAAE852A2635B100FCF8BE /* PokemonCardCell.swift in Sources */ = {isa = PBXBuildFile; fileRef = 79DAAE832A2635B100FCF8BE /* PokemonCardCell.swift */; };
		79DAAE862A2635B100FCF8BE /* PokemonCardCell.xib in Resources */ = {isa = PBXBuildFile; fileRef = 79DAAE842A2635B100FCF8BE /* PokemonCardCell.xib */; };
		79DAAE892A2638A600FCF8BE /* HTTPClient.swift in Sources */ = {isa = PBXBuildFile; fileRef = 79DAAE882A2638A600FCF8BE /* HTTPClient.swift */; };
		79DAAE8C2A2638D800FCF8BE /* URLSessionHTTPClient.swift in Sources */ = {isa = PBXBuildFile; fileRef = 79DAAE8B2A2638D800FCF8BE /* URLSessionHTTPClient.swift */; };
		79DAAE8F2A26391E00FCF8BE /* URLSessionHTTPClientError.swift in Sources */ = {isa = PBXBuildFile; fileRef = 79DAAE8E2A26391E00FCF8BE /* URLSessionHTTPClientError.swift */; };
		79DAAE912A263A2700FCF8BE /* PokemonAPI.swift in Sources */ = {isa = PBXBuildFile; fileRef = 79DAAE902A263A2700FCF8BE /* PokemonAPI.swift */; };
		79DAAE932A263B1900FCF8BE /* PokemonRemoteRepository.swift in Sources */ = {isa = PBXBuildFile; fileRef = 79DAAE922A263B1900FCF8BE /* PokemonRemoteRepository.swift */; };
		79DAAE952A26418400FCF8BE /* HomeViewModel.swift in Sources */ = {isa = PBXBuildFile; fileRef = 79DAAE942A26418400FCF8BE /* HomeViewModel.swift */; };
		79DABC792A2A1B1800DA9CCA /* HomeVCTest.swift in Sources */ = {isa = PBXBuildFile; fileRef = 79DABC782A2A1B1800DA9CCA /* HomeVCTest.swift */; };
		7EE3BAB6FD1198F3F5D2A970 /* Pods_Pokemons_PokemonsUITests.framework in Frameworks */ = {isa = PBXBuildFile; fileRef = 830C75EAFDE8236FA814535E /* Pods_Pokemons_PokemonsUITests.framework */; };
		98F797C168BDFC01ABA9954A /* Pods_PokemonsTests.framework in Frameworks */ = {isa = PBXBuildFile; fileRef = 68CC027935C4C9DE8E6AAA3B /* Pods_PokemonsTests.framework */; };
/* End PBXBuildFile section */

/* Begin PBXContainerItemProxy section */
		7965D6672A263444006D76E4 /* PBXContainerItemProxy */ = {
			isa = PBXContainerItemProxy;
			containerPortal = 7965D6482A263443006D76E4 /* Project object */;
			proxyType = 1;
			remoteGlobalIDString = 7965D64F2A263443006D76E4;
			remoteInfo = Pokemons;
		};
		7965D6712A263444006D76E4 /* PBXContainerItemProxy */ = {
			isa = PBXContainerItemProxy;
			containerPortal = 7965D6482A263443006D76E4 /* Project object */;
			proxyType = 1;
			remoteGlobalIDString = 7965D64F2A263443006D76E4;
			remoteInfo = Pokemons;
		};
/* End PBXContainerItemProxy section */

/* Begin PBXFileReference section */
		08D37D09163DF2C6A931C7E7 /* Pods-PokemonsTests.debug.xcconfig */ = {isa = PBXFileReference; includeInIndex = 1; lastKnownFileType = text.xcconfig; name = "Pods-PokemonsTests.debug.xcconfig"; path = "Target Support Files/Pods-PokemonsTests/Pods-PokemonsTests.debug.xcconfig"; sourceTree = "<group>"; };
		24ED5B080DDC8A0BDFFA4EBD /* Pods-Pokemons-PokemonsUITests.release.xcconfig */ = {isa = PBXFileReference; includeInIndex = 1; lastKnownFileType = text.xcconfig; name = "Pods-Pokemons-PokemonsUITests.release.xcconfig"; path = "Target Support Files/Pods-Pokemons-PokemonsUITests/Pods-Pokemons-PokemonsUITests.release.xcconfig"; sourceTree = "<group>"; };
		40B7375CEFD1968D55B4943D /* Pods_Pokemons.framework */ = {isa = PBXFileReference; explicitFileType = wrapper.framework; includeInIndex = 0; path = Pods_Pokemons.framework; sourceTree = BUILT_PRODUCTS_DIR; };
		49429CAC1758AFC50F706484 /* Pods-Pokemons.release.xcconfig */ = {isa = PBXFileReference; includeInIndex = 1; lastKnownFileType = text.xcconfig; name = "Pods-Pokemons.release.xcconfig"; path = "Target Support Files/Pods-Pokemons/Pods-Pokemons.release.xcconfig"; sourceTree = "<group>"; };
		56274B90BA7A550950EDBF60 /* Pods-PokemonsTests.release.xcconfig */ = {isa = PBXFileReference; includeInIndex = 1; lastKnownFileType = text.xcconfig; name = "Pods-PokemonsTests.release.xcconfig"; path = "Target Support Files/Pods-PokemonsTests/Pods-PokemonsTests.release.xcconfig"; sourceTree = "<group>"; };
		68CC027935C4C9DE8E6AAA3B /* Pods_PokemonsTests.framework */ = {isa = PBXFileReference; explicitFileType = wrapper.framework; includeInIndex = 0; path = Pods_PokemonsTests.framework; sourceTree = BUILT_PRODUCTS_DIR; };
		7965D6502A263443006D76E4 /* Pokemons.app */ = {isa = PBXFileReference; explicitFileType = wrapper.application; includeInIndex = 0; path = Pokemons.app; sourceTree = BUILT_PRODUCTS_DIR; };
		7965D6532A263443006D76E4 /* AppDelegate.swift */ = {isa = PBXFileReference; lastKnownFileType = sourcecode.swift; path = AppDelegate.swift; sourceTree = "<group>"; };
		7965D65C2A263444006D76E4 /* Assets.xcassets */ = {isa = PBXFileReference; lastKnownFileType = folder.assetcatalog; path = Assets.xcassets; sourceTree = "<group>"; };
		7965D65F2A263444006D76E4 /* Base */ = {isa = PBXFileReference; lastKnownFileType = file.storyboard; name = Base; path = Base.lproj/LaunchScreen.storyboard; sourceTree = "<group>"; };
		7965D6612A263444006D76E4 /* Info.plist */ = {isa = PBXFileReference; lastKnownFileType = text.plist.xml; path = Info.plist; sourceTree = "<group>"; };
		7965D6662A263444006D76E4 /* PokemonsTests.xctest */ = {isa = PBXFileReference; explicitFileType = wrapper.cfbundle; includeInIndex = 0; path = PokemonsTests.xctest; sourceTree = BUILT_PRODUCTS_DIR; };
		7965D66A2A263444006D76E4 /* PokemonsTests.swift */ = {isa = PBXFileReference; lastKnownFileType = sourcecode.swift; path = PokemonsTests.swift; sourceTree = "<group>"; };
		7965D6702A263444006D76E4 /* PokemonsUITests.xctest */ = {isa = PBXFileReference; explicitFileType = wrapper.cfbundle; includeInIndex = 0; path = PokemonsUITests.xctest; sourceTree = BUILT_PRODUCTS_DIR; };
		7965D6742A263444006D76E4 /* PokemonsUITests.swift */ = {isa = PBXFileReference; lastKnownFileType = sourcecode.swift; path = PokemonsUITests.swift; sourceTree = "<group>"; };
		7965D6762A263444006D76E4 /* PokemonsUITestsLaunchTests.swift */ = {isa = PBXFileReference; lastKnownFileType = sourcecode.swift; path = PokemonsUITestsLaunchTests.swift; sourceTree = "<group>"; };
		796DB9F52A28882C00C2444C /* PokemonImageVC.xib */ = {isa = PBXFileReference; fileEncoding = 4; lastKnownFileType = file.xib; path = PokemonImageVC.xib; sourceTree = "<group>"; };
		796DB9FA2A28A71D00C2444C /* PokemonCardViewModel.swift */ = {isa = PBXFileReference; lastKnownFileType = sourcecode.swift; path = PokemonCardViewModel.swift; sourceTree = "<group>"; };
		796DD2142A297FFB00ABE4C1 /* Pokemon.swift */ = {isa = PBXFileReference; lastKnownFileType = sourcecode.swift; path = Pokemon.swift; sourceTree = "<group>"; };
		796DD2162A29802B00ABE4C1 /* BaseResponse.swift */ = {isa = PBXFileReference; lastKnownFileType = sourcecode.swift; path = BaseResponse.swift; sourceTree = "<group>"; };
		796DD2182A29812700ABE4C1 /* MainCoordinator.swift */ = {isa = PBXFileReference; lastKnownFileType = sourcecode.swift; path = MainCoordinator.swift; sourceTree = "<group>"; };
		798A3E052A283FAE00763B3C /* HomeVC.xib */ = {isa = PBXFileReference; fileEncoding = 4; lastKnownFileType = file.xib; path = HomeVC.xib; sourceTree = "<group>"; };
		798A3E082A28401000763B3C /* PokemonDetailVC.swift */ = {isa = PBXFileReference; lastKnownFileType = sourcecode.swift; path = PokemonDetailVC.swift; sourceTree = "<group>"; };
		798A3E092A28401000763B3C /* PokemonDetailVC.xib */ = {isa = PBXFileReference; lastKnownFileType = file.xib; path = PokemonDetailVC.xib; sourceTree = "<group>"; };
		798A3E0C2A28427800763B3C /* PokemonDetailViewModel.swift */ = {isa = PBXFileReference; lastKnownFileType = sourcecode.swift; path = PokemonDetailViewModel.swift; sourceTree = "<group>"; };
		799778DE2A287AAB008E3670 /* PokemonImageVC.swift */ = {isa = PBXFileReference; lastKnownFileType = sourcecode.swift; path = PokemonImageVC.swift; sourceTree = "<group>"; };
		799778E22A288094008E3670 /* PokemonImageViewModel.swift */ = {isa = PBXFileReference; lastKnownFileType = sourcecode.swift; path = PokemonImageViewModel.swift; sourceTree = "<group>"; };
		79DAAE7F2A26352500FCF8BE /* HomeVC.swift */ = {isa = PBXFileReference; lastKnownFileType = sourcecode.swift; path = HomeVC.swift; sourceTree = "<group>"; };
		79DAAE832A2635B100FCF8BE /* PokemonCardCell.swift */ = {isa = PBXFileReference; lastKnownFileType = sourcecode.swift; path = PokemonCardCell.swift; sourceTree = "<group>"; };
		79DAAE842A2635B100FCF8BE /* PokemonCardCell.xib */ = {isa = PBXFileReference; lastKnownFileType = file.xib; path = PokemonCardCell.xib; sourceTree = "<group>"; };
		79DAAE882A2638A600FCF8BE /* HTTPClient.swift */ = {isa = PBXFileReference; lastKnownFileType = sourcecode.swift; path = HTTPClient.swift; sourceTree = "<group>"; };
		79DAAE8B2A2638D800FCF8BE /* URLSessionHTTPClient.swift */ = {isa = PBXFileReference; lastKnownFileType = sourcecode.swift; path = URLSessionHTTPClient.swift; sourceTree = "<group>"; };
		79DAAE8E2A26391E00FCF8BE /* URLSessionHTTPClientError.swift */ = {isa = PBXFileReference; lastKnownFileType = sourcecode.swift; path = URLSessionHTTPClientError.swift; sourceTree = "<group>"; };
		79DAAE902A263A2700FCF8BE /* PokemonAPI.swift */ = {isa = PBXFileReference; lastKnownFileType = sourcecode.swift; path = PokemonAPI.swift; sourceTree = "<group>"; };
		79DAAE922A263B1900FCF8BE /* PokemonRemoteRepository.swift */ = {isa = PBXFileReference; lastKnownFileType = sourcecode.swift; path = PokemonRemoteRepository.swift; sourceTree = "<group>"; };
		79DAAE942A26418400FCF8BE /* HomeViewModel.swift */ = {isa = PBXFileReference; lastKnownFileType = sourcecode.swift; path = HomeViewModel.swift; sourceTree = "<group>"; };
		79DABC782A2A1B1800DA9CCA /* HomeVCTest.swift */ = {isa = PBXFileReference; lastKnownFileType = sourcecode.swift; path = HomeVCTest.swift; sourceTree = "<group>"; };
		830C75EAFDE8236FA814535E /* Pods_Pokemons_PokemonsUITests.framework */ = {isa = PBXFileReference; explicitFileType = wrapper.framework; includeInIndex = 0; path = Pods_Pokemons_PokemonsUITests.framework; sourceTree = BUILT_PRODUCTS_DIR; };
		96B7833E1BBC48BC622B8850 /* Pods-Pokemons.debug.xcconfig */ = {isa = PBXFileReference; includeInIndex = 1; lastKnownFileType = text.xcconfig; name = "Pods-Pokemons.debug.xcconfig"; path = "Target Support Files/Pods-Pokemons/Pods-Pokemons.debug.xcconfig"; sourceTree = "<group>"; };
		C97D2968BF921CC756D4B44D /* Pods-Pokemons-PokemonsUITests.debug.xcconfig */ = {isa = PBXFileReference; includeInIndex = 1; lastKnownFileType = text.xcconfig; name = "Pods-Pokemons-PokemonsUITests.debug.xcconfig"; path = "Target Support Files/Pods-Pokemons-PokemonsUITests/Pods-Pokemons-PokemonsUITests.debug.xcconfig"; sourceTree = "<group>"; };
/* End PBXFileReference section */

/* Begin PBXFrameworksBuildPhase section */
		7965D64D2A263443006D76E4 /* Frameworks */ = {
			isa = PBXFrameworksBuildPhase;
			buildActionMask = 2147483647;
			files = (
				3C880141E8F15492C2705F6C /* Pods_Pokemons.framework in Frameworks */,
			);
			runOnlyForDeploymentPostprocessing = 0;
		};
		7965D6632A263444006D76E4 /* Frameworks */ = {
			isa = PBXFrameworksBuildPhase;
			buildActionMask = 2147483647;
			files = (
				98F797C168BDFC01ABA9954A /* Pods_PokemonsTests.framework in Frameworks */,
			);
			runOnlyForDeploymentPostprocessing = 0;
		};
		7965D66D2A263444006D76E4 /* Frameworks */ = {
			isa = PBXFrameworksBuildPhase;
			buildActionMask = 2147483647;
			files = (
				7EE3BAB6FD1198F3F5D2A970 /* Pods_Pokemons_PokemonsUITests.framework in Frameworks */,
			);
			runOnlyForDeploymentPostprocessing = 0;
		};
/* End PBXFrameworksBuildPhase section */

/* Begin PBXGroup section */
		24A82333047D278D02368BF1 /* Frameworks */ = {
			isa = PBXGroup;
			children = (
				40B7375CEFD1968D55B4943D /* Pods_Pokemons.framework */,
				830C75EAFDE8236FA814535E /* Pods_Pokemons_PokemonsUITests.framework */,
				68CC027935C4C9DE8E6AAA3B /* Pods_PokemonsTests.framework */,
			);
			name = Frameworks;
			sourceTree = "<group>";
		};
		586C38A3E8A085D0D9E8E311 /* Pods */ = {
			isa = PBXGroup;
			children = (
				96B7833E1BBC48BC622B8850 /* Pods-Pokemons.debug.xcconfig */,
				49429CAC1758AFC50F706484 /* Pods-Pokemons.release.xcconfig */,
				C97D2968BF921CC756D4B44D /* Pods-Pokemons-PokemonsUITests.debug.xcconfig */,
				24ED5B080DDC8A0BDFFA4EBD /* Pods-Pokemons-PokemonsUITests.release.xcconfig */,
				08D37D09163DF2C6A931C7E7 /* Pods-PokemonsTests.debug.xcconfig */,
				56274B90BA7A550950EDBF60 /* Pods-PokemonsTests.release.xcconfig */,
			);
			path = Pods;
			sourceTree = "<group>";
		};
		7965D6472A263443006D76E4 = {
			isa = PBXGroup;
			children = (
				7965D6522A263443006D76E4 /* Pokemons */,
				7965D6692A263444006D76E4 /* PokemonsTests */,
				7965D6732A263444006D76E4 /* PokemonsUITests */,
				7965D6512A263443006D76E4 /* Products */,
				586C38A3E8A085D0D9E8E311 /* Pods */,
				24A82333047D278D02368BF1 /* Frameworks */,
			);
			sourceTree = "<group>";
		};
		7965D6512A263443006D76E4 /* Products */ = {
			isa = PBXGroup;
			children = (
				7965D6502A263443006D76E4 /* Pokemons.app */,
				7965D6662A263444006D76E4 /* PokemonsTests.xctest */,
				7965D6702A263444006D76E4 /* PokemonsUITests.xctest */,
			);
			name = Products;
			sourceTree = "<group>";
		};
		7965D6522A263443006D76E4 /* Pokemons */ = {
			isa = PBXGroup;
			children = (
				7965D6612A263444006D76E4 /* Info.plist */,
				7965D6532A263443006D76E4 /* AppDelegate.swift */,
				7965D65C2A263444006D76E4 /* Assets.xcassets */,
				7965D65E2A263444006D76E4 /* LaunchScreen.storyboard */,
				796DD2132A297A7300ABE4C1 /* Models */,
				79DAAE812A26356100FCF8BE /* Modules */,
				79DABC762A2A1A9100DA9CCA /* Navigations */,
				79DAAE8D2A2638DC00FCF8BE /* Networking */,
			);
			path = Pokemons;
			sourceTree = "<group>";
		};
		7965D6692A263444006D76E4 /* PokemonsTests */ = {
			isa = PBXGroup;
			children = (
				79DABC772A2A1ADD00DA9CCA /* HomeVC */,
				7965D66A2A263444006D76E4 /* PokemonsTests.swift */,
			);
			path = PokemonsTests;
			sourceTree = "<group>";
		};
		7965D6732A263444006D76E4 /* PokemonsUITests */ = {
			isa = PBXGroup;
			children = (
				7965D6742A263444006D76E4 /* PokemonsUITests.swift */,
				7965D6762A263444006D76E4 /* PokemonsUITestsLaunchTests.swift */,
			);
			path = PokemonsUITests;
			sourceTree = "<group>";
		};
		796DB9F72A28883100C2444C /* ViewController */ = {
			isa = PBXGroup;
			children = (
				799778DE2A287AAB008E3670 /* PokemonImageVC.swift */,
			);
			path = ViewController;
			sourceTree = "<group>";
		};
		796DB9F82A28883800C2444C /* ViewModel */ = {
			isa = PBXGroup;
			children = (
				799778E22A288094008E3670 /* PokemonImageViewModel.swift */,
			);
			path = ViewModel;
			sourceTree = "<group>";
		};
		796DD2132A297A7300ABE4C1 /* Models */ = {
			isa = PBXGroup;
			children = (
				796DD2162A29802B00ABE4C1 /* BaseResponse.swift */,
				796DD2142A297FFB00ABE4C1 /* Pokemon.swift */,
			);
			path = Models;
			sourceTree = "<group>";
		};
		79875E2A2A283F41006344B9 /* ViewController */ = {
			isa = PBXGroup;
			children = (
				79DAAE7F2A26352500FCF8BE /* HomeVC.swift */,
			);
			path = ViewController;
			sourceTree = "<group>";
		};
		79875E2B2A283F51006344B9 /* ViewModel */ = {
			isa = PBXGroup;
			children = (
				79DAAE942A26418400FCF8BE /* HomeViewModel.swift */,
				796DB9FA2A28A71D00C2444C /* PokemonCardViewModel.swift */,
			);
			path = ViewModel;
			sourceTree = "<group>";
		};
		79875E2C2A283F5C006344B9 /* Cell */ = {
			isa = PBXGroup;
			children = (
				79DAAE832A2635B100FCF8BE /* PokemonCardCell.swift */,
				79DAAE842A2635B100FCF8BE /* PokemonCardCell.xib */,
			);
			path = Cell;
			sourceTree = "<group>";
		};
		79875E2D2A283F6C006344B9 /* View */ = {
			isa = PBXGroup;
			children = (
				798A3E052A283FAE00763B3C /* HomeVC.xib */,
			);
			path = View;
			sourceTree = "<group>";
		};
		798A3E072A283FEF00763B3C /* PokemonDetail */ = {
			isa = PBXGroup;
			children = (
				799778E42A2887E4008E3670 /* View */,
				799778E52A2887F3008E3670 /* ViewController */,
				799778E62A2887FF008E3670 /* ViewModel */,
			);
			path = PokemonDetail;
			sourceTree = "<group>";
		};
		799778DD2A287A74008E3670 /* PokemonImage */ = {
			isa = PBXGroup;
			children = (
				799778E72A28880F008E3670 /* View */,
				796DB9F72A28883100C2444C /* ViewController */,
				796DB9F82A28883800C2444C /* ViewModel */,
			);
			path = PokemonImage;
			sourceTree = "<group>";
		};
		799778E42A2887E4008E3670 /* View */ = {
			isa = PBXGroup;
			children = (
				798A3E092A28401000763B3C /* PokemonDetailVC.xib */,
			);
			path = View;
			sourceTree = "<group>";
		};
		799778E52A2887F3008E3670 /* ViewController */ = {
			isa = PBXGroup;
			children = (
				798A3E082A28401000763B3C /* PokemonDetailVC.swift */,
			);
			path = ViewController;
			sourceTree = "<group>";
		};
		799778E62A2887FF008E3670 /* ViewModel */ = {
			isa = PBXGroup;
			children = (
				798A3E0C2A28427800763B3C /* PokemonDetailViewModel.swift */,
			);
			path = ViewModel;
			sourceTree = "<group>";
		};
		799778E72A28880F008E3670 /* View */ = {
			isa = PBXGroup;
			children = (
				796DB9F52A28882C00C2444C /* PokemonImageVC.xib */,
			);
			path = View;
			sourceTree = "<group>";
		};
		79DAAE812A26356100FCF8BE /* Modules */ = {
			isa = PBXGroup;
			children = (
				79DAAE822A26356C00FCF8BE /* Home */,
				798A3E072A283FEF00763B3C /* PokemonDetail */,
				799778DD2A287A74008E3670 /* PokemonImage */,
			);
			path = Modules;
			sourceTree = "<group>";
		};
		79DAAE822A26356C00FCF8BE /* Home */ = {
			isa = PBXGroup;
			children = (
				79875E2C2A283F5C006344B9 /* Cell */,
				79875E2D2A283F6C006344B9 /* View */,
				79875E2A2A283F41006344B9 /* ViewController */,
				79875E2B2A283F51006344B9 /* ViewModel */,
			);
			path = Home;
			sourceTree = "<group>";
		};
		79DAAE872A26389200FCF8BE /* HTTPClient */ = {
			isa = PBXGroup;
			children = (
				79DAAE882A2638A600FCF8BE /* HTTPClient.swift */,
			);
			path = HTTPClient;
			sourceTree = "<group>";
		};
		79DAAE8A2A2638B700FCF8BE /* URLSessionHTTPClient */ = {
			isa = PBXGroup;
			children = (
				79DAAE8B2A2638D800FCF8BE /* URLSessionHTTPClient.swift */,
				79DAAE8E2A26391E00FCF8BE /* URLSessionHTTPClientError.swift */,
			);
			path = URLSessionHTTPClient;
			sourceTree = "<group>";
		};
		79DAAE8D2A2638DC00FCF8BE /* Networking */ = {
			isa = PBXGroup;
			children = (
				79DAAE8A2A2638B700FCF8BE /* URLSessionHTTPClient */,
				79DAAE872A26389200FCF8BE /* HTTPClient */,
				79DAAE902A263A2700FCF8BE /* PokemonAPI.swift */,
				79DAAE922A263B1900FCF8BE /* PokemonRemoteRepository.swift */,
			);
			path = Networking;
			sourceTree = "<group>";
		};
		79DABC762A2A1A9100DA9CCA /* Navigations */ = {
			isa = PBXGroup;
			children = (
				796DD2182A29812700ABE4C1 /* MainCoordinator.swift */,
			);
			path = Navigations;
			sourceTree = "<group>";
		};
		79DABC772A2A1ADD00DA9CCA /* HomeVC */ = {
			isa = PBXGroup;
			children = (
				79DABC782A2A1B1800DA9CCA /* HomeVCTest.swift */,
			);
			path = HomeVC;
			sourceTree = "<group>";
		};
/* End PBXGroup section */

/* Begin PBXNativeTarget section */
		7965D64F2A263443006D76E4 /* Pokemons */ = {
			isa = PBXNativeTarget;
			buildConfigurationList = 7965D67A2A263444006D76E4 /* Build configuration list for PBXNativeTarget "Pokemons" */;
			buildPhases = (
				04417559A21DAA2A2F8ADB5A /* [CP] Check Pods Manifest.lock */,
				7965D64C2A263443006D76E4 /* Sources */,
				7965D64D2A263443006D76E4 /* Frameworks */,
				7965D64E2A263443006D76E4 /* Resources */,
				79005ABC96C2D788884EAFCC /* [CP] Embed Pods Frameworks */,
			);
			buildRules = (
			);
			dependencies = (
			);
			name = Pokemons;
			productName = Pokemons;
			productReference = 7965D6502A263443006D76E4 /* Pokemons.app */;
			productType = "com.apple.product-type.application";
		};
		7965D6652A263444006D76E4 /* PokemonsTests */ = {
			isa = PBXNativeTarget;
			buildConfigurationList = 7965D67D2A263444006D76E4 /* Build configuration list for PBXNativeTarget "PokemonsTests" */;
			buildPhases = (
				44E8DB5EB02A72499FD16F80 /* [CP] Check Pods Manifest.lock */,
				7965D6622A263444006D76E4 /* Sources */,
				7965D6632A263444006D76E4 /* Frameworks */,
				7965D6642A263444006D76E4 /* Resources */,
				E2CB85ABFB5DB971ABA2B398 /* [CP] Embed Pods Frameworks */,
			);
			buildRules = (
			);
			dependencies = (
				7965D6682A263444006D76E4 /* PBXTargetDependency */,
			);
			name = PokemonsTests;
			productName = PokemonsTests;
			productReference = 7965D6662A263444006D76E4 /* PokemonsTests.xctest */;
			productType = "com.apple.product-type.bundle.unit-test";
		};
		7965D66F2A263444006D76E4 /* PokemonsUITests */ = {
			isa = PBXNativeTarget;
			buildConfigurationList = 7965D6802A263444006D76E4 /* Build configuration list for PBXNativeTarget "PokemonsUITests" */;
			buildPhases = (
				98211CDD92CF5279BCA425A1 /* [CP] Check Pods Manifest.lock */,
				7965D66C2A263444006D76E4 /* Sources */,
				7965D66D2A263444006D76E4 /* Frameworks */,
				7965D66E2A263444006D76E4 /* Resources */,
				5571CCCAB96FAF8B03D31B89 /* [CP] Embed Pods Frameworks */,
			);
			buildRules = (
			);
			dependencies = (
				7965D6722A263444006D76E4 /* PBXTargetDependency */,
			);
			name = PokemonsUITests;
			productName = PokemonsUITests;
			productReference = 7965D6702A263444006D76E4 /* PokemonsUITests.xctest */;
			productType = "com.apple.product-type.bundle.ui-testing";
		};
/* End PBXNativeTarget section */

/* Begin PBXProject section */
		7965D6482A263443006D76E4 /* Project object */ = {
			isa = PBXProject;
			attributes = {
				BuildIndependentTargetsInParallel = 1;
				LastSwiftUpdateCheck = 1420;
				LastUpgradeCheck = 1420;
				TargetAttributes = {
					7965D64F2A263443006D76E4 = {
						CreatedOnToolsVersion = 14.2;
					};
					7965D6652A263444006D76E4 = {
						CreatedOnToolsVersion = 14.2;
						TestTargetID = 7965D64F2A263443006D76E4;
					};
					7965D66F2A263444006D76E4 = {
						CreatedOnToolsVersion = 14.2;
						TestTargetID = 7965D64F2A263443006D76E4;
					};
				};
			};
			buildConfigurationList = 7965D64B2A263443006D76E4 /* Build configuration list for PBXProject "Pokemons" */;
			compatibilityVersion = "Xcode 14.0";
			developmentRegion = en;
			hasScannedForEncodings = 0;
			knownRegions = (
				en,
				Base,
			);
			mainGroup = 7965D6472A263443006D76E4;
			productRefGroup = 7965D6512A263443006D76E4 /* Products */;
			projectDirPath = "";
			projectRoot = "";
			targets = (
				7965D64F2A263443006D76E4 /* Pokemons */,
				7965D6652A263444006D76E4 /* PokemonsTests */,
				7965D66F2A263444006D76E4 /* PokemonsUITests */,
			);
		};
/* End PBXProject section */

/* Begin PBXResourcesBuildPhase section */
		7965D64E2A263443006D76E4 /* Resources */ = {
			isa = PBXResourcesBuildPhase;
			buildActionMask = 2147483647;
			files = (
				798A3E0B2A28401000763B3C /* PokemonDetailVC.xib in Resources */,
				7965D6602A263444006D76E4 /* LaunchScreen.storyboard in Resources */,
				798A3E062A283FAE00763B3C /* HomeVC.xib in Resources */,
				7965D65D2A263444006D76E4 /* Assets.xcassets in Resources */,
				796DB9F62A28882C00C2444C /* PokemonImageVC.xib in Resources */,
				79DAAE862A2635B100FCF8BE /* PokemonCardCell.xib in Resources */,
			);
			runOnlyForDeploymentPostprocessing = 0;
		};
		7965D6642A263444006D76E4 /* Resources */ = {
			isa = PBXResourcesBuildPhase;
			buildActionMask = 2147483647;
			files = (
			);
			runOnlyForDeploymentPostprocessing = 0;
		};
		7965D66E2A263444006D76E4 /* Resources */ = {
			isa = PBXResourcesBuildPhase;
			buildActionMask = 2147483647;
			files = (
			);
			runOnlyForDeploymentPostprocessing = 0;
		};
/* End PBXResourcesBuildPhase section */

/* Begin PBXShellScriptBuildPhase section */
		04417559A21DAA2A2F8ADB5A /* [CP] Check Pods Manifest.lock */ = {
			isa = PBXShellScriptBuildPhase;
			buildActionMask = 2147483647;
			files = (
			);
			inputFileListPaths = (
			);
			inputPaths = (
				"${PODS_PODFILE_DIR_PATH}/Podfile.lock",
				"${PODS_ROOT}/Manifest.lock",
			);
			name = "[CP] Check Pods Manifest.lock";
			outputFileListPaths = (
			);
			outputPaths = (
				"$(DERIVED_FILE_DIR)/Pods-Pokemons-checkManifestLockResult.txt",
			);
			runOnlyForDeploymentPostprocessing = 0;
			shellPath = /bin/sh;
			shellScript = "diff \"${PODS_PODFILE_DIR_PATH}/Podfile.lock\" \"${PODS_ROOT}/Manifest.lock\" > /dev/null\nif [ $? != 0 ] ; then\n    # print error to STDERR\n    echo \"error: The sandbox is not in sync with the Podfile.lock. Run 'pod install' or update your CocoaPods installation.\" >&2\n    exit 1\nfi\n# This output is used by Xcode 'outputs' to avoid re-running this script phase.\necho \"SUCCESS\" > \"${SCRIPT_OUTPUT_FILE_0}\"\n";
			showEnvVarsInLog = 0;
		};
		44E8DB5EB02A72499FD16F80 /* [CP] Check Pods Manifest.lock */ = {
			isa = PBXShellScriptBuildPhase;
			buildActionMask = 2147483647;
			files = (
			);
			inputFileListPaths = (
			);
			inputPaths = (
				"${PODS_PODFILE_DIR_PATH}/Podfile.lock",
				"${PODS_ROOT}/Manifest.lock",
			);
			name = "[CP] Check Pods Manifest.lock";
			outputFileListPaths = (
			);
			outputPaths = (
				"$(DERIVED_FILE_DIR)/Pods-PokemonsTests-checkManifestLockResult.txt",
			);
			runOnlyForDeploymentPostprocessing = 0;
			shellPath = /bin/sh;
			shellScript = "diff \"${PODS_PODFILE_DIR_PATH}/Podfile.lock\" \"${PODS_ROOT}/Manifest.lock\" > /dev/null\nif [ $? != 0 ] ; then\n    # print error to STDERR\n    echo \"error: The sandbox is not in sync with the Podfile.lock. Run 'pod install' or update your CocoaPods installation.\" >&2\n    exit 1\nfi\n# This output is used by Xcode 'outputs' to avoid re-running this script phase.\necho \"SUCCESS\" > \"${SCRIPT_OUTPUT_FILE_0}\"\n";
			showEnvVarsInLog = 0;
		};
		5571CCCAB96FAF8B03D31B89 /* [CP] Embed Pods Frameworks */ = {
			isa = PBXShellScriptBuildPhase;
			buildActionMask = 2147483647;
			files = (
			);
			inputFileListPaths = (
				"${PODS_ROOT}/Target Support Files/Pods-Pokemons-PokemonsUITests/Pods-Pokemons-PokemonsUITests-frameworks-${CONFIGURATION}-input-files.xcfilelist",
			);
			name = "[CP] Embed Pods Frameworks";
			outputFileListPaths = (
				"${PODS_ROOT}/Target Support Files/Pods-Pokemons-PokemonsUITests/Pods-Pokemons-PokemonsUITests-frameworks-${CONFIGURATION}-output-files.xcfilelist",
			);
			runOnlyForDeploymentPostprocessing = 0;
			shellPath = /bin/sh;
			shellScript = "\"${PODS_ROOT}/Target Support Files/Pods-Pokemons-PokemonsUITests/Pods-Pokemons-PokemonsUITests-frameworks.sh\"\n";
			showEnvVarsInLog = 0;
		};
		79005ABC96C2D788884EAFCC /* [CP] Embed Pods Frameworks */ = {
			isa = PBXShellScriptBuildPhase;
			buildActionMask = 2147483647;
			files = (
			);
			inputFileListPaths = (
				"${PODS_ROOT}/Target Support Files/Pods-Pokemons/Pods-Pokemons-frameworks-${CONFIGURATION}-input-files.xcfilelist",
			);
			name = "[CP] Embed Pods Frameworks";
			outputFileListPaths = (
				"${PODS_ROOT}/Target Support Files/Pods-Pokemons/Pods-Pokemons-frameworks-${CONFIGURATION}-output-files.xcfilelist",
			);
			runOnlyForDeploymentPostprocessing = 0;
			shellPath = /bin/sh;
			shellScript = "\"${PODS_ROOT}/Target Support Files/Pods-Pokemons/Pods-Pokemons-frameworks.sh\"\n";
			showEnvVarsInLog = 0;
		};
		98211CDD92CF5279BCA425A1 /* [CP] Check Pods Manifest.lock */ = {
			isa = PBXShellScriptBuildPhase;
			buildActionMask = 2147483647;
			files = (
			);
			inputFileListPaths = (
			);
			inputPaths = (
				"${PODS_PODFILE_DIR_PATH}/Podfile.lock",
				"${PODS_ROOT}/Manifest.lock",
			);
			name = "[CP] Check Pods Manifest.lock";
			outputFileListPaths = (
			);
			outputPaths = (
				"$(DERIVED_FILE_DIR)/Pods-Pokemons-PokemonsUITests-checkManifestLockResult.txt",
			);
			runOnlyForDeploymentPostprocessing = 0;
			shellPath = /bin/sh;
			shellScript = "diff \"${PODS_PODFILE_DIR_PATH}/Podfile.lock\" \"${PODS_ROOT}/Manifest.lock\" > /dev/null\nif [ $? != 0 ] ; then\n    # print error to STDERR\n    echo \"error: The sandbox is not in sync with the Podfile.lock. Run 'pod install' or update your CocoaPods installation.\" >&2\n    exit 1\nfi\n# This output is used by Xcode 'outputs' to avoid re-running this script phase.\necho \"SUCCESS\" > \"${SCRIPT_OUTPUT_FILE_0}\"\n";
			showEnvVarsInLog = 0;
		};
		E2CB85ABFB5DB971ABA2B398 /* [CP] Embed Pods Frameworks */ = {
			isa = PBXShellScriptBuildPhase;
			buildActionMask = 2147483647;
			files = (
			);
			inputFileListPaths = (
				"${PODS_ROOT}/Target Support Files/Pods-PokemonsTests/Pods-PokemonsTests-frameworks-${CONFIGURATION}-input-files.xcfilelist",
			);
			name = "[CP] Embed Pods Frameworks";
			outputFileListPaths = (
				"${PODS_ROOT}/Target Support Files/Pods-PokemonsTests/Pods-PokemonsTests-frameworks-${CONFIGURATION}-output-files.xcfilelist",
			);
			runOnlyForDeploymentPostprocessing = 0;
			shellPath = /bin/sh;
			shellScript = "\"${PODS_ROOT}/Target Support Files/Pods-PokemonsTests/Pods-PokemonsTests-frameworks.sh\"\n";
			showEnvVarsInLog = 0;
		};
/* End PBXShellScriptBuildPhase section */

/* Begin PBXSourcesBuildPhase section */
		7965D64C2A263443006D76E4 /* Sources */ = {
			isa = PBXSourcesBuildPhase;
			buildActionMask = 2147483647;
			files = (
				796DD2192A29812700ABE4C1 /* MainCoordinator.swift in Sources */,
				796DB9FB2A28A71D00C2444C /* PokemonCardViewModel.swift in Sources */,
				79DAAE8F2A26391E00FCF8BE /* URLSessionHTTPClientError.swift in Sources */,
				79DAAE952A26418400FCF8BE /* HomeViewModel.swift in Sources */,
				79DAAE802A26352500FCF8BE /* HomeVC.swift in Sources */,
				799778E32A288094008E3670 /* PokemonImageViewModel.swift in Sources */,
				796DD2152A297FFB00ABE4C1 /* Pokemon.swift in Sources */,
				798A3E0A2A28401000763B3C /* PokemonDetailVC.swift in Sources */,
				796DD2172A29802B00ABE4C1 /* BaseResponse.swift in Sources */,
				79DAAE8C2A2638D800FCF8BE /* URLSessionHTTPClient.swift in Sources */,
				79DAAE912A263A2700FCF8BE /* PokemonAPI.swift in Sources */,
				7965D6542A263443006D76E4 /* AppDelegate.swift in Sources */,
				79DAAE932A263B1900FCF8BE /* PokemonRemoteRepository.swift in Sources */,
				799778E02A287AAB008E3670 /* PokemonImageVC.swift in Sources */,
				798A3E0D2A28427800763B3C /* PokemonDetailViewModel.swift in Sources */,
				79DAAE892A2638A600FCF8BE /* HTTPClient.swift in Sources */,
				79DAAE852A2635B100FCF8BE /* PokemonCardCell.swift in Sources */,
			);
			runOnlyForDeploymentPostprocessing = 0;
		};
		7965D6622A263444006D76E4 /* Sources */ = {
			isa = PBXSourcesBuildPhase;
			buildActionMask = 2147483647;
			files = (
				7965D66B2A263444006D76E4 /* PokemonsTests.swift in Sources */,
				79DABC792A2A1B1800DA9CCA /* HomeVCTest.swift in Sources */,
			);
			runOnlyForDeploymentPostprocessing = 0;
		};
		7965D66C2A263444006D76E4 /* Sources */ = {
			isa = PBXSourcesBuildPhase;
			buildActionMask = 2147483647;
			files = (
				7965D6772A263444006D76E4 /* PokemonsUITestsLaunchTests.swift in Sources */,
				7965D6752A263444006D76E4 /* PokemonsUITests.swift in Sources */,
			);
			runOnlyForDeploymentPostprocessing = 0;
		};
/* End PBXSourcesBuildPhase section */

/* Begin PBXTargetDependency section */
		7965D6682A263444006D76E4 /* PBXTargetDependency */ = {
			isa = PBXTargetDependency;
			target = 7965D64F2A263443006D76E4 /* Pokemons */;
			targetProxy = 7965D6672A263444006D76E4 /* PBXContainerItemProxy */;
		};
		7965D6722A263444006D76E4 /* PBXTargetDependency */ = {
			isa = PBXTargetDependency;
			target = 7965D64F2A263443006D76E4 /* Pokemons */;
			targetProxy = 7965D6712A263444006D76E4 /* PBXContainerItemProxy */;
		};
/* End PBXTargetDependency section */

/* Begin PBXVariantGroup section */
		7965D65E2A263444006D76E4 /* LaunchScreen.storyboard */ = {
			isa = PBXVariantGroup;
			children = (
				7965D65F2A263444006D76E4 /* Base */,
			);
			name = LaunchScreen.storyboard;
			sourceTree = "<group>";
		};
/* End PBXVariantGroup section */

/* Begin XCBuildConfiguration section */
		7965D6782A263444006D76E4 /* Debug */ = {
			isa = XCBuildConfiguration;
			buildSettings = {
				ALWAYS_SEARCH_USER_PATHS = NO;
				CLANG_ANALYZER_NONNULL = YES;
				CLANG_ANALYZER_NUMBER_OBJECT_CONVERSION = YES_AGGRESSIVE;
				CLANG_CXX_LANGUAGE_STANDARD = "gnu++20";
				CLANG_ENABLE_MODULES = YES;
				CLANG_ENABLE_OBJC_ARC = YES;
				CLANG_ENABLE_OBJC_WEAK = YES;
				CLANG_WARN_BLOCK_CAPTURE_AUTORELEASING = YES;
				CLANG_WARN_BOOL_CONVERSION = YES;
				CLANG_WARN_COMMA = YES;
				CLANG_WARN_CONSTANT_CONVERSION = YES;
				CLANG_WARN_DEPRECATED_OBJC_IMPLEMENTATIONS = YES;
				CLANG_WARN_DIRECT_OBJC_ISA_USAGE = YES_ERROR;
				CLANG_WARN_DOCUMENTATION_COMMENTS = YES;
				CLANG_WARN_EMPTY_BODY = YES;
				CLANG_WARN_ENUM_CONVERSION = YES;
				CLANG_WARN_INFINITE_RECURSION = YES;
				CLANG_WARN_INT_CONVERSION = YES;
				CLANG_WARN_NON_LITERAL_NULL_CONVERSION = YES;
				CLANG_WARN_OBJC_IMPLICIT_RETAIN_SELF = YES;
				CLANG_WARN_OBJC_LITERAL_CONVERSION = YES;
				CLANG_WARN_OBJC_ROOT_CLASS = YES_ERROR;
				CLANG_WARN_QUOTED_INCLUDE_IN_FRAMEWORK_HEADER = YES;
				CLANG_WARN_RANGE_LOOP_ANALYSIS = YES;
				CLANG_WARN_STRICT_PROTOTYPES = YES;
				CLANG_WARN_SUSPICIOUS_MOVE = YES;
				CLANG_WARN_UNGUARDED_AVAILABILITY = YES_AGGRESSIVE;
				CLANG_WARN_UNREACHABLE_CODE = YES;
				CLANG_WARN__DUPLICATE_METHOD_MATCH = YES;
				COPY_PHASE_STRIP = NO;
				DEBUG_INFORMATION_FORMAT = dwarf;
				ENABLE_STRICT_OBJC_MSGSEND = YES;
				ENABLE_TESTABILITY = YES;
				GCC_C_LANGUAGE_STANDARD = gnu11;
				GCC_DYNAMIC_NO_PIC = NO;
				GCC_NO_COMMON_BLOCKS = YES;
				GCC_OPTIMIZATION_LEVEL = 0;
				GCC_PREPROCESSOR_DEFINITIONS = (
					"DEBUG=1",
					"$(inherited)",
				);
				GCC_WARN_64_TO_32_BIT_CONVERSION = YES;
				GCC_WARN_ABOUT_RETURN_TYPE = YES_ERROR;
				GCC_WARN_UNDECLARED_SELECTOR = YES;
				GCC_WARN_UNINITIALIZED_AUTOS = YES_AGGRESSIVE;
				GCC_WARN_UNUSED_FUNCTION = YES;
				GCC_WARN_UNUSED_VARIABLE = YES;
				IPHONEOS_DEPLOYMENT_TARGET = 16.2;
				MTL_ENABLE_DEBUG_INFO = INCLUDE_SOURCE;
				MTL_FAST_MATH = YES;
				ONLY_ACTIVE_ARCH = YES;
				SDKROOT = iphoneos;
				SWIFT_ACTIVE_COMPILATION_CONDITIONS = DEBUG;
				SWIFT_OPTIMIZATION_LEVEL = "-Onone";
			};
			name = Debug;
		};
		7965D6792A263444006D76E4 /* Release */ = {
			isa = XCBuildConfiguration;
			buildSettings = {
				ALWAYS_SEARCH_USER_PATHS = NO;
				CLANG_ANALYZER_NONNULL = YES;
				CLANG_ANALYZER_NUMBER_OBJECT_CONVERSION = YES_AGGRESSIVE;
				CLANG_CXX_LANGUAGE_STANDARD = "gnu++20";
				CLANG_ENABLE_MODULES = YES;
				CLANG_ENABLE_OBJC_ARC = YES;
				CLANG_ENABLE_OBJC_WEAK = YES;
				CLANG_WARN_BLOCK_CAPTURE_AUTORELEASING = YES;
				CLANG_WARN_BOOL_CONVERSION = YES;
				CLANG_WARN_COMMA = YES;
				CLANG_WARN_CONSTANT_CONVERSION = YES;
				CLANG_WARN_DEPRECATED_OBJC_IMPLEMENTATIONS = YES;
				CLANG_WARN_DIRECT_OBJC_ISA_USAGE = YES_ERROR;
				CLANG_WARN_DOCUMENTATION_COMMENTS = YES;
				CLANG_WARN_EMPTY_BODY = YES;
				CLANG_WARN_ENUM_CONVERSION = YES;
				CLANG_WARN_INFINITE_RECURSION = YES;
				CLANG_WARN_INT_CONVERSION = YES;
				CLANG_WARN_NON_LITERAL_NULL_CONVERSION = YES;
				CLANG_WARN_OBJC_IMPLICIT_RETAIN_SELF = YES;
				CLANG_WARN_OBJC_LITERAL_CONVERSION = YES;
				CLANG_WARN_OBJC_ROOT_CLASS = YES_ERROR;
				CLANG_WARN_QUOTED_INCLUDE_IN_FRAMEWORK_HEADER = YES;
				CLANG_WARN_RANGE_LOOP_ANALYSIS = YES;
				CLANG_WARN_STRICT_PROTOTYPES = YES;
				CLANG_WARN_SUSPICIOUS_MOVE = YES;
				CLANG_WARN_UNGUARDED_AVAILABILITY = YES_AGGRESSIVE;
				CLANG_WARN_UNREACHABLE_CODE = YES;
				CLANG_WARN__DUPLICATE_METHOD_MATCH = YES;
				COPY_PHASE_STRIP = NO;
				DEBUG_INFORMATION_FORMAT = "dwarf-with-dsym";
				ENABLE_NS_ASSERTIONS = NO;
				ENABLE_STRICT_OBJC_MSGSEND = YES;
				GCC_C_LANGUAGE_STANDARD = gnu11;
				GCC_NO_COMMON_BLOCKS = YES;
				GCC_WARN_64_TO_32_BIT_CONVERSION = YES;
				GCC_WARN_ABOUT_RETURN_TYPE = YES_ERROR;
				GCC_WARN_UNDECLARED_SELECTOR = YES;
				GCC_WARN_UNINITIALIZED_AUTOS = YES_AGGRESSIVE;
				GCC_WARN_UNUSED_FUNCTION = YES;
				GCC_WARN_UNUSED_VARIABLE = YES;
				IPHONEOS_DEPLOYMENT_TARGET = 16.2;
				MTL_ENABLE_DEBUG_INFO = NO;
				MTL_FAST_MATH = YES;
				SDKROOT = iphoneos;
				SWIFT_COMPILATION_MODE = wholemodule;
				SWIFT_OPTIMIZATION_LEVEL = "-O";
				VALIDATE_PRODUCT = YES;
			};
			name = Release;
		};
		7965D67B2A263444006D76E4 /* Debug */ = {
			isa = XCBuildConfiguration;
			baseConfigurationReference = 96B7833E1BBC48BC622B8850 /* Pods-Pokemons.debug.xcconfig */;
			buildSettings = {
				ASSETCATALOG_COMPILER_APPICON_NAME = AppIcon;
				ASSETCATALOG_COMPILER_GLOBAL_ACCENT_COLOR_NAME = AccentColor;
				CODE_SIGN_STYLE = Automatic;
				CURRENT_PROJECT_VERSION = 1;
				GENERATE_INFOPLIST_FILE = YES;
				INFOPLIST_FILE = Pokemons/Info.plist;
				INFOPLIST_KEY_UIApplicationSupportsIndirectInputEvents = YES;
				INFOPLIST_KEY_UILaunchStoryboardName = LaunchScreen;
				INFOPLIST_KEY_UISupportedInterfaceOrientations_iPad = "UIInterfaceOrientationPortrait UIInterfaceOrientationPortraitUpsideDown UIInterfaceOrientationLandscapeLeft UIInterfaceOrientationLandscapeRight";
				INFOPLIST_KEY_UISupportedInterfaceOrientations_iPhone = "UIInterfaceOrientationPortrait UIInterfaceOrientationLandscapeLeft UIInterfaceOrientationLandscapeRight";
				IPHONEOS_DEPLOYMENT_TARGET = 12.1;
				LD_RUNPATH_SEARCH_PATHS = (
					"$(inherited)",
					"@executable_path/Frameworks",
				);
				MARKETING_VERSION = 1.0;
				PRODUCT_BUNDLE_IDENTIFIER = cahyantosetyabudi.Pokemons;
				PRODUCT_NAME = "$(TARGET_NAME)";
				SWIFT_EMIT_LOC_STRINGS = YES;
				SWIFT_VERSION = 5.0;
				TARGETED_DEVICE_FAMILY = "1,2";
			};
			name = Debug;
		};
		7965D67C2A263444006D76E4 /* Release */ = {
			isa = XCBuildConfiguration;
			baseConfigurationReference = 49429CAC1758AFC50F706484 /* Pods-Pokemons.release.xcconfig */;
			buildSettings = {
				ASSETCATALOG_COMPILER_APPICON_NAME = AppIcon;
				ASSETCATALOG_COMPILER_GLOBAL_ACCENT_COLOR_NAME = AccentColor;
				CODE_SIGN_STYLE = Automatic;
				CURRENT_PROJECT_VERSION = 1;
				GENERATE_INFOPLIST_FILE = YES;
				INFOPLIST_FILE = Pokemons/Info.plist;
				INFOPLIST_KEY_UIApplicationSupportsIndirectInputEvents = YES;
				INFOPLIST_KEY_UILaunchStoryboardName = LaunchScreen;
				INFOPLIST_KEY_UISupportedInterfaceOrientations_iPad = "UIInterfaceOrientationPortrait UIInterfaceOrientationPortraitUpsideDown UIInterfaceOrientationLandscapeLeft UIInterfaceOrientationLandscapeRight";
				INFOPLIST_KEY_UISupportedInterfaceOrientations_iPhone = "UIInterfaceOrientationPortrait UIInterfaceOrientationLandscapeLeft UIInterfaceOrientationLandscapeRight";
				IPHONEOS_DEPLOYMENT_TARGET = 12.1;
				LD_RUNPATH_SEARCH_PATHS = (
					"$(inherited)",
					"@executable_path/Frameworks",
				);
				MARKETING_VERSION = 1.0;
				PRODUCT_BUNDLE_IDENTIFIER = cahyantosetyabudi.Pokemons;
				PRODUCT_NAME = "$(TARGET_NAME)";
				SWIFT_EMIT_LOC_STRINGS = YES;
				SWIFT_VERSION = 5.0;
				TARGETED_DEVICE_FAMILY = "1,2";
			};
			name = Release;
		};
		7965D67E2A263444006D76E4 /* Debug */ = {
			isa = XCBuildConfiguration;
			baseConfigurationReference = 08D37D09163DF2C6A931C7E7 /* Pods-PokemonsTests.debug.xcconfig */;
			buildSettings = {
				ALWAYS_EMBED_SWIFT_STANDARD_LIBRARIES = YES;
				BUNDLE_LOADER = "$(TEST_HOST)";
				CODE_SIGN_STYLE = Automatic;
				CURRENT_PROJECT_VERSION = 1;
				GENERATE_INFOPLIST_FILE = YES;
				IPHONEOS_DEPLOYMENT_TARGET = 16.2;
				MARKETING_VERSION = 1.0;
				PRODUCT_BUNDLE_IDENTIFIER = cahyantosetyabudi.PokemonsTests;
				PRODUCT_NAME = "$(TARGET_NAME)";
				SWIFT_EMIT_LOC_STRINGS = NO;
				SWIFT_VERSION = 5.0;
				TARGETED_DEVICE_FAMILY = "1,2";
				TEST_HOST = "$(BUILT_PRODUCTS_DIR)/Pokemons.app/$(BUNDLE_EXECUTABLE_FOLDER_PATH)/Pokemons";
			};
			name = Debug;
		};
		7965D67F2A263444006D76E4 /* Release */ = {
			isa = XCBuildConfiguration;
			baseConfigurationReference = 56274B90BA7A550950EDBF60 /* Pods-PokemonsTests.release.xcconfig */;
			buildSettings = {
				ALWAYS_EMBED_SWIFT_STANDARD_LIBRARIES = YES;
				BUNDLE_LOADER = "$(TEST_HOST)";
				CODE_SIGN_STYLE = Automatic;
				CURRENT_PROJECT_VERSION = 1;
				GENERATE_INFOPLIST_FILE = YES;
				IPHONEOS_DEPLOYMENT_TARGET = 16.2;
				MARKETING_VERSION = 1.0;
				PRODUCT_BUNDLE_IDENTIFIER = cahyantosetyabudi.PokemonsTests;
				PRODUCT_NAME = "$(TARGET_NAME)";
				SWIFT_EMIT_LOC_STRINGS = NO;
				SWIFT_VERSION = 5.0;
				TARGETED_DEVICE_FAMILY = "1,2";
				TEST_HOST = "$(BUILT_PRODUCTS_DIR)/Pokemons.app/$(BUNDLE_EXECUTABLE_FOLDER_PATH)/Pokemons";
			};
			name = Release;
		};
		7965D6812A263444006D76E4 /* Debug */ = {
			isa = XCBuildConfiguration;
			baseConfigurationReference = C97D2968BF921CC756D4B44D /* Pods-Pokemons-PokemonsUITests.debug.xcconfig */;
			buildSettings = {
				ALWAYS_EMBED_SWIFT_STANDARD_LIBRARIES = YES;
				CODE_SIGN_STYLE = Automatic;
				CURRENT_PROJECT_VERSION = 1;
				GENERATE_INFOPLIST_FILE = YES;
				MARKETING_VERSION = 1.0;
				PRODUCT_BUNDLE_IDENTIFIER = cahyantosetyabudi.PokemonsUITests;
				PRODUCT_NAME = "$(TARGET_NAME)";
				SWIFT_EMIT_LOC_STRINGS = NO;
				SWIFT_VERSION = 5.0;
				TARGETED_DEVICE_FAMILY = "1,2";
				TEST_TARGET_NAME = Pokemons;
			};
			name = Debug;
		};
		7965D6822A263444006D76E4 /* Release */ = {
			isa = XCBuildConfiguration;
			baseConfigurationReference = 24ED5B080DDC8A0BDFFA4EBD /* Pods-Pokemons-PokemonsUITests.release.xcconfig */;
			buildSettings = {
				ALWAYS_EMBED_SWIFT_STANDARD_LIBRARIES = YES;
				CODE_SIGN_STYLE = Automatic;
				CURRENT_PROJECT_VERSION = 1;
				GENERATE_INFOPLIST_FILE = YES;
				MARKETING_VERSION = 1.0;
				PRODUCT_BUNDLE_IDENTIFIER = cahyantosetyabudi.PokemonsUITests;
				PRODUCT_NAME = "$(TARGET_NAME)";
				SWIFT_EMIT_LOC_STRINGS = NO;
				SWIFT_VERSION = 5.0;
				TARGETED_DEVICE_FAMILY = "1,2";
				TEST_TARGET_NAME = Pokemons;
			};
			name = Release;
		};
/* End XCBuildConfiguration section */

/* Begin XCConfigurationList section */
		7965D64B2A263443006D76E4 /* Build configuration list for PBXProject "Pokemons" */ = {
			isa = XCConfigurationList;
			buildConfigurations = (
				7965D6782A263444006D76E4 /* Debug */,
				7965D6792A263444006D76E4 /* Release */,
			);
			defaultConfigurationIsVisible = 0;
			defaultConfigurationName = Release;
		};
		7965D67A2A263444006D76E4 /* Build configuration list for PBXNativeTarget "Pokemons" */ = {
			isa = XCConfigurationList;
			buildConfigurations = (
				7965D67B2A263444006D76E4 /* Debug */,
				7965D67C2A263444006D76E4 /* Release */,
			);
			defaultConfigurationIsVisible = 0;
			defaultConfigurationName = Release;
		};
		7965D67D2A263444006D76E4 /* Build configuration list for PBXNativeTarget "PokemonsTests" */ = {
			isa = XCConfigurationList;
			buildConfigurations = (
				7965D67E2A263444006D76E4 /* Debug */,
				7965D67F2A263444006D76E4 /* Release */,
			);
			defaultConfigurationIsVisible = 0;
			defaultConfigurationName = Release;
		};
		7965D6802A263444006D76E4 /* Build configuration list for PBXNativeTarget "PokemonsUITests" */ = {
			isa = XCConfigurationList;
			buildConfigurations = (
				7965D6812A263444006D76E4 /* Debug */,
				7965D6822A263444006D76E4 /* Release */,
			);
			defaultConfigurationIsVisible = 0;
			defaultConfigurationName = Release;
		};
/* End XCConfigurationList section */
	};
	rootObject = 7965D6482A263443006D76E4 /* Project object */;
}
